
Microsoft Visual Studio Solution File, Format Version 12.00
# Visual Studio Version 17
VisualStudioVersion = 17.1.32228.430
MinimumVisualStudioVersion = 10.0.40219.1
Project("{FAE04EC0-301F-11D3-BF4B-00C04F79EFBC}") = "TestProject1", "TestProject1\TestProject1.csproj", "{805449BC-E79D-4C49-98C5-32A86B2B8EDF}"
EndProject
Global
	GlobalSection(SolutionConfigurationPlatforms) = preSolution
		Debug|Any CPU = Debug|Any CPU
		Release|Any CPU = Release|Any CPU
	EndGlobalSection
	GlobalSection(ProjectConfigurationPlatforms) = postSolution
		{805449BC-E79D-4C49-98C5-32A86B2B8EDF}.Debug|Any CPU.ActiveCfg = Debug|Any CPU
		{805449BC-E79D-4C49-98C5-32A86B2B8EDF}.Debug|Any CPU.Build.0 = Debug|Any CPU
		{805449BC-E79D-4C49-98C5-32A86B2B8EDF}.Release|Any CPU.ActiveCfg = Release|Any CPU
		{805449BC-E79D-4C49-98C5-32A86B2B8EDF}.Release|Any CPU.Build.0 = Release|Any CPU
	EndGlobalSection
	GlobalSection(SolutionProperties) = preSolution
		HideSolutionNode = FALSE
	EndGlobalSection
	GlobalSection(ExtensibilityGlobals) = postSolution
		SolutionGuid = {A714708B-6A54-4C85-B5F9-B230E8605A5D}
	EndGlobalSection
EndGlobal
