
Microsoft Visual Studio Solution File, Format Version 12.00
# Visual Studio Version 17
VisualStudioVersion = 17.1.32228.430
MinimumVisualStudioVersion = 10.0.40219.1
Project("{9A19103F-16F7-4668-BE54-9A1E7A4F7556}") = "TestAutomationU", "TestAutomationU\TestAutomationU.csproj", "{22C013AB-FC2D-467F-86B1-8C068F8121DF}"
EndProject
Project("{9A19103F-16F7-4668-BE54-9A1E7A4F7556}") = "TestWithNunit", "TestWithNunit\TestWithNunit.csproj", "{6E4002FD-D364-4E47-B800-B20798B62FB8}"
EndProject
Global
	GlobalSection(SolutionConfigurationPlatforms) = preSolution
		Debug|Any CPU = Debug|Any CPU
		Release|Any CPU = Release|Any CPU
	EndGlobalSection
	GlobalSection(ProjectConfigurationPlatforms) = postSolution
		{22C013AB-FC2D-467F-86B1-8C068F8121DF}.Debug|Any CPU.ActiveCfg = Debug|Any CPU
		{22C013AB-FC2D-467F-86B1-8C068F8121DF}.Debug|Any CPU.Build.0 = Debug|Any CPU
		{22C013AB-FC2D-467F-86B1-8C068F8121DF}.Release|Any CPU.ActiveCfg = Release|Any CPU
		{22C013AB-FC2D-467F-86B1-8C068F8121DF}.Release|Any CPU.Build.0 = Release|Any CPU
		{6E4002FD-D364-4E47-B800-B20798B62FB8}.Debug|Any CPU.ActiveCfg = Debug|Any CPU
		{6E4002FD-D364-4E47-B800-B20798B62FB8}.Debug|Any CPU.Build.0 = Debug|Any CPU
		{6E4002FD-D364-4E47-B800-B20798B62FB8}.Release|Any CPU.ActiveCfg = Release|Any CPU
		{6E4002FD-D364-4E47-B800-B20798B62FB8}.Release|Any CPU.Build.0 = Release|Any CPU
	EndGlobalSection
	GlobalSection(SolutionProperties) = preSolution
		HideSolutionNode = FALSE
	EndGlobalSection
	GlobalSection(ExtensibilityGlobals) = postSolution
		SolutionGuid = {93DF3381-4F6C-459B-8D28-A64FA00DD395}
	EndGlobalSection
EndGlobal
